
Microsoft Visual Studio Solution File, Format Version 12.00
# Visual Studio Version 17
VisualStudioVersion = 17.4.33110.190
MinimumVisualStudioVersion = 10.0.40219.1
Project("{FAE04EC0-301F-11D3-BF4B-00C04F79EFBC}") = "W2A3_QueueStack", "W2A3_QueueStack\W2A3_QueueStack.csproj", "{D3339DD1-F97E-442B-8A7D-C6E0978E4D1D}"
EndProject
Project("{FAE04EC0-301F-11D3-BF4B-00C04F79EFBC}") = "Optimized_Bubble_Insertion_Sort", "Optimized_Bubble_Insersion_Sort\Optimized_Bubble_Insertion_Sort.csproj", "{1292099E-5BA7-4023-8904-81D3C9BAA7BE}"
EndProject
Project("{2150E333-8FDC-42A3-9474-1A3956D46DE8}") = "Day05", "Day05", "{E20D772E-E613-4015-AC1B-DC87DC404B5C}"
EndProject
Project("{FAE04EC0-301F-11D3-BF4B-00C04F79EFBC}") = "W2D2T1", "W2D2T1\W2D2T1.csproj", "{DDC9F84F-FFD5-4F94-ABDD-A714B1CC4AA9}"
EndProject
Project("{FAE04EC0-301F-11D3-BF4B-00C04F79EFBC}") = "W2D2T2", "W2D2T2\W2D2T2.csproj", "{38DE7FDD-351F-45C1-83BE-6CF008ECB354}"
EndProject
Project("{FAE04EC0-301F-11D3-BF4B-00C04F79EFBC}") = "W2D2T3", "W2D2T3\W2D2T3.csproj", "{422D1642-2A69-4901-874D-3BEE7A2D1C2D}"
EndProject
Project("{FAE04EC0-301F-11D3-BF4B-00C04F79EFBC}") = "W2D2T4", "W2D2T4\W2D2T4.csproj", "{9BAE2276-95BF-47E6-B7F5-25F8D21ED18A}"
EndProject
Project("{FAE04EC0-301F-11D3-BF4B-00C04F79EFBC}") = "W2D2T5", "W2D2T5\W2D2T5.csproj", "{B1EE6CA2-116E-4090-A06F-0BC926E00593}"
EndProject
Project("{FAE04EC0-301F-11D3-BF4B-00C04F79EFBC}") = "W2D2T6", "W2D2T6\W2D2T6.csproj", "{86E7FE3C-ADC5-4C5B-A14A-F564D836DF1B}"
EndProject
Project("{FAE04EC0-301F-11D3-BF4B-00C04F79EFBC}") = "W2D2T7", "W2D2T7\W2D2T7.csproj", "{229282DC-3DC0-41BD-89AB-B7B51B28B21A}"
EndProject
Global
	GlobalSection(SolutionConfigurationPlatforms) = preSolution
		Debug|Any CPU = Debug|Any CPU
		Release|Any CPU = Release|Any CPU
	EndGlobalSection
	GlobalSection(ProjectConfigurationPlatforms) = postSolution
		{D3339DD1-F97E-442B-8A7D-C6E0978E4D1D}.Debug|Any CPU.ActiveCfg = Debug|Any CPU
		{D3339DD1-F97E-442B-8A7D-C6E0978E4D1D}.Debug|Any CPU.Build.0 = Debug|Any CPU
		{D3339DD1-F97E-442B-8A7D-C6E0978E4D1D}.Release|Any CPU.ActiveCfg = Release|Any CPU
		{D3339DD1-F97E-442B-8A7D-C6E0978E4D1D}.Release|Any CPU.Build.0 = Release|Any CPU
		{1292099E-5BA7-4023-8904-81D3C9BAA7BE}.Debug|Any CPU.ActiveCfg = Debug|Any CPU
		{1292099E-5BA7-4023-8904-81D3C9BAA7BE}.Debug|Any CPU.Build.0 = Debug|Any CPU
		{1292099E-5BA7-4023-8904-81D3C9BAA7BE}.Release|Any CPU.ActiveCfg = Release|Any CPU
		{1292099E-5BA7-4023-8904-81D3C9BAA7BE}.Release|Any CPU.Build.0 = Release|Any CPU
		{DDC9F84F-FFD5-4F94-ABDD-A714B1CC4AA9}.Debug|Any CPU.ActiveCfg = Debug|Any CPU
		{DDC9F84F-FFD5-4F94-ABDD-A714B1CC4AA9}.Debug|Any CPU.Build.0 = Debug|Any CPU
		{DDC9F84F-FFD5-4F94-ABDD-A714B1CC4AA9}.Release|Any CPU.ActiveCfg = Release|Any CPU
		{DDC9F84F-FFD5-4F94-ABDD-A714B1CC4AA9}.Release|Any CPU.Build.0 = Release|Any CPU
		{38DE7FDD-351F-45C1-83BE-6CF008ECB354}.Debug|Any CPU.ActiveCfg = Debug|Any CPU
		{38DE7FDD-351F-45C1-83BE-6CF008ECB354}.Debug|Any CPU.Build.0 = Debug|Any CPU
		{38DE7FDD-351F-45C1-83BE-6CF008ECB354}.Release|Any CPU.ActiveCfg = Release|Any CPU
		{38DE7FDD-351F-45C1-83BE-6CF008ECB354}.Release|Any CPU.Build.0 = Release|Any CPU
		{422D1642-2A69-4901-874D-3BEE7A2D1C2D}.Debug|Any CPU.ActiveCfg = Debug|Any CPU
		{422D1642-2A69-4901-874D-3BEE7A2D1C2D}.Debug|Any CPU.Build.0 = Debug|Any CPU
		{422D1642-2A69-4901-874D-3BEE7A2D1C2D}.Release|Any CPU.ActiveCfg = Release|Any CPU
		{422D1642-2A69-4901-874D-3BEE7A2D1C2D}.Release|Any CPU.Build.0 = Release|Any CPU
		{9BAE2276-95BF-47E6-B7F5-25F8D21ED18A}.Debug|Any CPU.ActiveCfg = Debug|Any CPU
		{9BAE2276-95BF-47E6-B7F5-25F8D21ED18A}.Debug|Any CPU.Build.0 = Debug|Any CPU
		{9BAE2276-95BF-47E6-B7F5-25F8D21ED18A}.Release|Any CPU.ActiveCfg = Release|Any CPU
		{9BAE2276-95BF-47E6-B7F5-25F8D21ED18A}.Release|Any CPU.Build.0 = Release|Any CPU
		{B1EE6CA2-116E-4090-A06F-0BC926E00593}.Debug|Any CPU.ActiveCfg = Debug|Any CPU
		{B1EE6CA2-116E-4090-A06F-0BC926E00593}.Debug|Any CPU.Build.0 = Debug|Any CPU
		{B1EE6CA2-116E-4090-A06F-0BC926E00593}.Release|Any CPU.ActiveCfg = Release|Any CPU
		{B1EE6CA2-116E-4090-A06F-0BC926E00593}.Release|Any CPU.Build.0 = Release|Any CPU
		{86E7FE3C-ADC5-4C5B-A14A-F564D836DF1B}.Debug|Any CPU.ActiveCfg = Debug|Any CPU
		{86E7FE3C-ADC5-4C5B-A14A-F564D836DF1B}.Debug|Any CPU.Build.0 = Debug|Any CPU
		{86E7FE3C-ADC5-4C5B-A14A-F564D836DF1B}.Release|Any CPU.ActiveCfg = Release|Any CPU
		{86E7FE3C-ADC5-4C5B-A14A-F564D836DF1B}.Release|Any CPU.Build.0 = Release|Any CPU
		{229282DC-3DC0-41BD-89AB-B7B51B28B21A}.Debug|Any CPU.ActiveCfg = Debug|Any CPU
		{229282DC-3DC0-41BD-89AB-B7B51B28B21A}.Debug|Any CPU.Build.0 = Debug|Any CPU
		{229282DC-3DC0-41BD-89AB-B7B51B28B21A}.Release|Any CPU.ActiveCfg = Release|Any CPU
		{229282DC-3DC0-41BD-89AB-B7B51B28B21A}.Release|Any CPU.Build.0 = Release|Any CPU
	EndGlobalSection
	GlobalSection(SolutionProperties) = preSolution
		HideSolutionNode = FALSE
	EndGlobalSection
	GlobalSection(NestedProjects) = preSolution
		{DDC9F84F-FFD5-4F94-ABDD-A714B1CC4AA9} = {E20D772E-E613-4015-AC1B-DC87DC404B5C}
		{38DE7FDD-351F-45C1-83BE-6CF008ECB354} = {E20D772E-E613-4015-AC1B-DC87DC404B5C}
		{422D1642-2A69-4901-874D-3BEE7A2D1C2D} = {E20D772E-E613-4015-AC1B-DC87DC404B5C}
		{9BAE2276-95BF-47E6-B7F5-25F8D21ED18A} = {E20D772E-E613-4015-AC1B-DC87DC404B5C}
		{B1EE6CA2-116E-4090-A06F-0BC926E00593} = {E20D772E-E613-4015-AC1B-DC87DC404B5C}
		{86E7FE3C-ADC5-4C5B-A14A-F564D836DF1B} = {E20D772E-E613-4015-AC1B-DC87DC404B5C}
		{229282DC-3DC0-41BD-89AB-B7B51B28B21A} = {E20D772E-E613-4015-AC1B-DC87DC404B5C}
	EndGlobalSection
	GlobalSection(ExtensibilityGlobals) = postSolution
		SolutionGuid = {31A84ED1-8DA0-48BC-A724-208B899516F9}
	EndGlobalSection
EndGlobal
